{
  "version": 4,
  "terraform_version": "1.5.7",
  "serial": 57,
  "lineage": "be67f871-6638-0ee5-a2d1-ed57d1f28d5e",
  "outputs": {
    "wordpress_floating_ip": {
      "value": "185.149.45.166",
      "type": "string"
    }
  },
  "resources": [
    {
      "mode": "managed",
      "type": "openstack_compute_floatingip_associate_v2",
      "name": "wp_fip_association",
      "provider": "provider[\"registry.terraform.io/terraform-provider-openstack/openstack\"]",
      "instances": [
        {
          "schema_version": 0,
          "attributes": {
            "fixed_ip": "",
            "floating_ip": "185.149.45.166",
            "id": "185.149.45.166/cbe6a4b5-6c33-4a03-be45-00ffcacd3219/",
            "instance_id": "cbe6a4b5-6c33-4a03-be45-00ffcacd3219",
            "region": "Stockholm",
            "timeouts": null,
            "wait_until_associated": null
          },
          "sensitive_attributes": [],
          "private": "eyJlMmJmYjczMC1lY2FhLTExZTYtOGY4OC0zNDM2M2JjN2M0YzAiOnsiY3JlYXRlIjo2MDAwMDAwMDAwMDB9fQ==",
          "dependencies": [
            "openstack_compute_instance_v2.wp_instance",
            "openstack_compute_secgroup_v2.wp_secgroup",
            "openstack_networking_floatingip_v2.wp_floating_ip",
            "openstack_networking_network_v2.wp_network"
          ]
        }
      ]
    },
    {
      "mode": "managed",
      "type": "openstack_compute_instance_v2",
      "name": "wp_instance",
      "provider": "provider[\"registry.terraform.io/terraform-provider-openstack/openstack\"]",
      "instances": [
        {
          "schema_version": 0,
          "attributes": {
            "access_ip_v4": "192.168.199.12",
            "access_ip_v6": "",
            "admin_pass": null,
            "all_metadata": {},
            "all_tags": [],
            "availability_zone": "Stockholm1",
            "availability_zone_hints": null,
            "block_device": [],
            "config_drive": null,
            "created": "2024-03-25 14:26:50 +0000 UTC",
            "flavor_id": "general1-1",
            "flavor_name": "1 CPU 1 GB General Purpose v",
            "floating_ip": null,
            "force_delete": false,
            "id": "cbe6a4b5-6c33-4a03-be45-00ffcacd3219",
            "image_id": "7347976f-e269-4357-8691-2fb9ff45b1e1",
            "image_name": "Ubuntu 22.04 (Jammy Jellyfish)",
            "key_pair": "bajs",
            "metadata": null,
            "name": "wp_instance",
            "network": [
              {
                "access_network": false,
                "fixed_ip_v4": "192.168.199.12",
                "fixed_ip_v6": "",
                "floating_ip": "",
                "mac": "fa:16:3e:3a:21:f9",
                "name": "wp_network",
                "port": "",
                "uuid": "99d29c7d-278c-4bf8-b23b-56d0d81f6115"
              }
            ],
            "network_mode": null,
            "personality": [],
            "power_state": "active",
            "region": "Stockholm",
            "scheduler_hints": [],
            "security_groups": [
              "wp_secgroup"
            ],
            "stop_before_destroy": false,
            "tags": null,
            "timeouts": null,
            "updated": "2024-03-25 14:27:00 +0000 UTC",
            "user_data": "e51ef99b0014655cfe22929bd30fd39e29f5f48c",
            "vendor_options": [],
            "volume": []
          },
          "sensitive_attributes": [],
          "private": "eyJlMmJmYjczMC1lY2FhLTExZTYtOGY4OC0zNDM2M2JjN2M0YzAiOnsiY3JlYXRlIjoxODAwMDAwMDAwMDAwLCJkZWxldGUiOjE4MDAwMDAwMDAwMDAsInVwZGF0ZSI6MTgwMDAwMDAwMDAwMH19",
          "dependencies": [
            "openstack_compute_secgroup_v2.wp_secgroup",
            "openstack_networking_network_v2.wp_network"
          ]
        }
      ]
    },
    {
      "mode": "managed",
      "type": "openstack_compute_secgroup_v2",
      "name": "wp_secgroup",
      "provider": "provider[\"registry.terraform.io/terraform-provider-openstack/openstack\"]",
      "instances": [
        {
          "schema_version": 0,
          "attributes": {
            "description": "security group for WordPress",
            "id": "394a8f99-6ffe-4362-84ab-ed57f4f523dc",
            "name": "wp_secgroup",
            "region": "Stockholm",
            "rule": [
              {
                "cidr": "0.0.0.0/0",
                "from_group_id": "",
                "from_port": 22,
                "id": "60ca8d9a-10ea-4469-86f5-03d6f0f1cbf9",
                "ip_protocol": "tcp",
                "self": false,
                "to_port": 22
              },
              {
                "cidr": "0.0.0.0/0",
                "from_group_id": "",
                "from_port": 80,
                "id": "7909919a-96a5-42cf-a82e-5159810489fe",
                "ip_protocol": "tcp",
                "self": false,
                "to_port": 80
              }
            ],
            "timeouts": null
          },
          "sensitive_attributes": [],
          "private": "eyJlMmJmYjczMC1lY2FhLTExZTYtOGY4OC0zNDM2M2JjN2M0YzAiOnsiZGVsZXRlIjo2MDAwMDAwMDAwMDB9fQ=="
        }
      ]
    },
    {
      "mode": "managed",
      "type": "openstack_networking_floatingip_v2",
      "name": "wp_floating_ip",
      "provider": "provider[\"registry.terraform.io/terraform-provider-openstack/openstack\"]",
      "instances": [
        {
          "schema_version": 0,
          "attributes": {
            "address": "185.149.45.166",
            "all_tags": [],
            "description": "",
            "dns_domain": "",
            "dns_name": "",
            "fixed_ip": "192.168.199.12",
            "id": "36b82d26-e046-49ea-858d-d7145bb61b66",
            "pool": "public-network",
            "port_id": "cec5557f-d1ac-4e56-aaca-cfefcaad3f3c",
            "region": "Stockholm",
            "subnet_id": null,
            "subnet_ids": null,
            "tags": [],
            "tenant_id": "bd2e2b2b67a142e6a822ef67cfceb42c",
            "timeouts": null,
            "value_specs": null
          },
          "sensitive_attributes": [],
          "private": "eyJlMmJmYjczMC1lY2FhLTExZTYtOGY4OC0zNDM2M2JjN2M0YzAiOnsiY3JlYXRlIjo2MDAwMDAwMDAwMDAsImRlbGV0ZSI6NjAwMDAwMDAwMDAwfX0="
        }
      ]
    },
    {
      "mode": "managed",
      "type": "openstack_networking_network_v2",
      "name": "wp_network",
      "provider": "provider[\"registry.terraform.io/terraform-provider-openstack/openstack\"]",
      "instances": [
        {
          "schema_version": 0,
          "attributes": {
            "admin_state_up": true,
            "all_tags": [],
            "availability_zone_hints": [],
            "description": "",
            "dns_domain": "",
            "external": false,
            "id": "99d29c7d-278c-4bf8-b23b-56d0d81f6115",
            "mtu": 1500,
            "name": "wp_network",
            "port_security_enabled": true,
            "qos_policy_id": "",
            "region": "Stockholm",
            "segments": [],
            "shared": false,
            "tags": [],
            "tenant_id": "bd2e2b2b67a142e6a822ef67cfceb42c",
            "timeouts": null,
            "transparent_vlan": false,
            "value_specs": null
          },
          "sensitive_attributes": [],
          "private": "eyJlMmJmYjczMC1lY2FhLTExZTYtOGY4OC0zNDM2M2JjN2M0YzAiOnsiY3JlYXRlIjo2MDAwMDAwMDAwMDAsImRlbGV0ZSI6NjAwMDAwMDAwMDAwfX0="
        }
      ]
    },
    {
      "mode": "managed",
      "type": "openstack_networking_router_interface_v2",
      "name": "wp_router_interface",
      "provider": "provider[\"registry.terraform.io/terraform-provider-openstack/openstack\"]",
      "instances": [
        {
          "schema_version": 0,
          "attributes": {
            "force_destroy": false,
            "id": "976b7437-0bb8-4255-80df-81de00bbd1f2",
            "port_id": "976b7437-0bb8-4255-80df-81de00bbd1f2",
            "region": "Stockholm",
            "router_id": "45d4641b-6936-408a-a235-792d6f0ce144",
            "subnet_id": "c6e4cff2-f30a-4b0c-8353-2268fcde23df",
            "timeouts": null
          },
          "sensitive_attributes": [],
          "private": "eyJlMmJmYjczMC1lY2FhLTExZTYtOGY4OC0zNDM2M2JjN2M0YzAiOnsiY3JlYXRlIjo2MDAwMDAwMDAwMDAsImRlbGV0ZSI6NjAwMDAwMDAwMDAwfX0=",
          "dependencies": [
            "openstack_networking_network_v2.wp_network",
            "openstack_networking_router_v2.wp_router",
            "openstack_networking_subnet_v2.wp_subnet"
          ]
        }
      ]
    },
    {
      "mode": "managed",
      "type": "openstack_networking_router_v2",
      "name": "wp_router",
      "provider": "provider[\"registry.terraform.io/terraform-provider-openstack/openstack\"]",
      "instances": [
        {
          "schema_version": 0,
          "attributes": {
            "admin_state_up": true,
            "all_tags": [],
            "availability_zone_hints": [],
            "description": "",
            "distributed": false,
            "enable_snat": true,
            "external_fixed_ip": [
              {
                "ip_address": "185.149.45.165",
                "subnet_id": "6c36dda5-abd8-45ed-a926-ad3b44a92788"
              }
            ],
            "external_gateway": "27886da2-a2de-42b7-8002-5553520c585c",
            "external_network_id": "27886da2-a2de-42b7-8002-5553520c585c",
            "external_subnet_ids": null,
            "id": "45d4641b-6936-408a-a235-792d6f0ce144",
            "name": "wp_router",
            "region": "Stockholm",
            "tags": [],
            "tenant_id": "bd2e2b2b67a142e6a822ef67cfceb42c",
            "timeouts": null,
            "value_specs": null,
            "vendor_options": []
          },
          "sensitive_attributes": [],
          "private": "eyJlMmJmYjczMC1lY2FhLTExZTYtOGY4OC0zNDM2M2JjN2M0YzAiOnsiY3JlYXRlIjo2MDAwMDAwMDAwMDAsImRlbGV0ZSI6NjAwMDAwMDAwMDAwfX0="
        }
      ]
    },
    {
      "mode": "managed",
      "type": "openstack_networking_subnet_v2",
      "name": "wp_subnet",
      "provider": "provider[\"registry.terraform.io/terraform-provider-openstack/openstack\"]",
      "instances": [
        {
          "schema_version": 0,
          "attributes": {
            "all_tags": [],
            "allocation_pool": [
              {
                "end": "192.168.199.254",
                "start": "192.168.199.2"
              }
            ],
            "allocation_pools": [
              {
                "end": "192.168.199.254",
                "start": "192.168.199.2"
              }
            ],
            "cidr": "192.168.199.0/24",
            "description": "",
            "dns_nameservers": [],
            "enable_dhcp": true,
            "gateway_ip": "192.168.199.1",
            "host_routes": [],
            "id": "c6e4cff2-f30a-4b0c-8353-2268fcde23df",
            "ip_version": 4,
            "ipv6_address_mode": "",
            "ipv6_ra_mode": "",
            "name": "wp_subnet",
            "network_id": "99d29c7d-278c-4bf8-b23b-56d0d81f6115",
            "no_gateway": false,
            "prefix_length": null,
            "region": "Stockholm",
            "service_types": [],
            "subnetpool_id": "",
            "tags": [],
            "tenant_id": "bd2e2b2b67a142e6a822ef67cfceb42c",
            "timeouts": null,
            "value_specs": null
          },
          "sensitive_attributes": [],
          "private": "eyJlMmJmYjczMC1lY2FhLTExZTYtOGY4OC0zNDM2M2JjN2M0YzAiOnsiY3JlYXRlIjo2MDAwMDAwMDAwMDAsImRlbGV0ZSI6NjAwMDAwMDAwMDAwfX0=",
          "dependencies": [
            "openstack_networking_network_v2.wp_network"
          ]
        }
      ]
    }
  ],
  "check_results": null
}
